{"SurveyEntry":{"SurveyID":"SV_cI7zJxTcGUxyoIe","SurveyName":"Climatologist","SurveyDescription":null,"SurveyOwnerID":"UR_a9ppz4m55qzVlhs","SurveyBrandID":"dauphinem1","DivisionID":null,"SurveyLanguage":"EN","SurveyActiveResponseSet":"RS_9XIDW4pa99I8I18","SurveyStatus":"Active","SurveyStartDate":"0000-00-00 00:00:00","SurveyExpirationDate":"0000-00-00 00:00:00","SurveyCreationDate":"2025-10-29 03:39:26","CreatorID":"UR_a9ppz4m55qzVlhs","LastModified":"2025-11-04 13:35:11","LastAccessed":"0000-00-00 00:00:00","LastActivated":"2025-11-03 03:43:17","Deleted":null},"SurveyElements":[{"SurveyID":"SV_cI7zJxTcGUxyoIe","Element":"BL","PrimaryAttribute":"Survey Blocks","SecondaryAttribute":null,"TertiaryAttribute":null,"Payload":{"0":{"Type":"Default","Description":"Consent form","ID":"BL_a4tc7uGEDlrS4CO","BlockElements":[{"Type":"Question","QuestionID":"QID3"}],"Options":{"BlockLocking":"false","RandomizeQuestions":"false","BlockVisibility":"Expanded"}},"1":{"Type":"Trash","Description":"Trash \/ Unused Questions","ID":"BL_1H5OnmEKxttSGpw","BlockElements":[{"Type":"Question","QuestionID":"QID87"},{"Type":"Question","QuestionID":"QID13"},{"Type":"Question","QuestionID":"QID88"},{"Type":"Question","QuestionID":"QID84"},{"Type":"Question","QuestionID":"QID85"}],"Options":{"BlockLocking":"false","RandomizeQuestions":"false","BlockVisibility":"Expanded"}},"2":{"Type":"Standard","SubType":"","Description":"Attention check","ID":"BL_1XDB40GyDhQzAOy","BlockElements":[{"Type":"Question","QuestionID":"QID4"}],"Options":{"BlockLocking":"false","RandomizeQuestions":"false","BlockVisibility":"Expanded"}},"3":{"Type":"Standard","SubType":"","Description":"Intro","ID":"BL_81U5npTYODC09yS","BlockElements":[{"Type":"Question","QuestionID":"QID6"}],"Options":{"BlockLocking":"false","RandomizeQuestions":"false","BlockVisibility":"Expanded"}},"4":{"Type":"Standard","SubType":"","Description":"impressive_climate","ID":"BL_af3cOL3uBrCm6c6","BlockElements":[{"Type":"Question","QuestionID":"QID7"}],"Options":{"BlockLocking":"false","RandomizeQuestions":"false","BlockVisibility":"Expanded"}},"6":{"Type":"Standard","SubType":"","Description":"control_climate","ID":"BL_0NfV7z8sndVnRjM","BlockElements":[{"Type":"Question","QuestionID":"QID11"}],"Options":{"BlockLocking":"false","RandomizeQuestions":"false","BlockVisibility":"Expanded"}},"8":{"Type":"Standard","SubType":"","Description":"Benevolence","ID":"BL_1XMKkjIxDIl2gui","BlockElements":[{"Type":"Question","QuestionID":"QID19"},{"Type":"Question","QuestionID":"QID21"},{"Type":"Question","QuestionID":"QID40"}],"Options":{"BlockLocking":"false","RandomizeQuestions":"false","BlockVisibility":"Expanded"}},"9":{"Type":"Standard","SubType":"","Description":"Competence control_climate","ID":"BL_3OAmcmzUPAv4b9I","Options":{"BlockLocking":"false","RandomizeQuestions":"false","BlockVisibility":"Expanded"},"BlockElements":[{"Type":"Question","QuestionID":"QID67"},{"Type":"Question","QuestionID":"QID16"},{"Type":"Question","QuestionID":"QID20"}]},"10":{"Type":"Standard","SubType":"","Description":"Integrity","ID":"BL_6JfgCkzQQamUqnY","Options":{"BlockLocking":false,"RandomizeQuestions":"false","BlockVisibility":"Expanded"},"BlockElements":[{"Type":"Question","QuestionID":"QID66"},{"Type":"Question","QuestionID":"QID23"},{"Type":"Question","QuestionID":"QID24"}]},"13":{"Type":"Standard","SubType":"","Description":"Competence","ID":"BL_56gSZe2ugZRYiDc","BlockElements":[{"Type":"Question","QuestionID":"QID28"},{"Type":"Question","QuestionID":"QID29"},{"Type":"Question","QuestionID":"QID30"}],"Options":{"BlockLocking":"false","RandomizeQuestions":"false","BlockVisibility":"Expanded"}},"21":{"Type":"Standard","SubType":"","Description":"Openness impressiv_climate","ID":"BL_9oCAfMDMfWGftXM","BlockElements":[{"Type":"Question","QuestionID":"QID1219003469"},{"Type":"Question","QuestionID":"QID1219003470"},{"Type":"Question","QuestionID":"QID1219003471"}],"Options":{"BlockLocking":"false","RandomizeQuestions":"false","BlockVisibility":"Expanded"}},"25":{"Type":"Standard","SubType":"","Description":"End of survey","ID":"BL_77fk9AkEEVUNRRk","BlockElements":[{"Type":"Question","QuestionID":"QID59"}],"Options":{"BlockLocking":"false","RandomizeQuestions":"false","BlockVisibility":"Expanded"}},"27":{"Type":"Standard","SubType":"","Description":"Openness","ID":"BL_9vgSC9VFhFXSY8m","BlockElements":[{"Type":"Question","QuestionID":"QID1219003589"},{"Type":"Question","QuestionID":"QID1219003590"},{"Type":"Question","QuestionID":"QID1219003591"}],"Options":{"BlockLocking":"false","RandomizeQuestions":"false","BlockVisibility":"Expanded"}},"29":{"Type":"Standard","SubType":"","Description":"impressiveness\u00a0","ID":"BL_5u85v0RY8GSPNpY","BlockElements":[{"Type":"Question","QuestionID":"QID1219003652"}],"Options":{"BlockLocking":false,"RandomizeQuestions":"false","BlockVisibility":"Expanded"}},"32":{"Type":"Standard","SubType":"","Description":"Benevolence impressiv_climate","ID":"BL_6DOg9ONoCfGUJL0","BlockElements":[{"Type":"Question","QuestionID":"QID71"},{"Type":"Question","QuestionID":"QID72"},{"Type":"Question","QuestionID":"QID73"}],"Options":{"BlockLocking":false,"RandomizeQuestions":"false","BlockVisibility":"Expanded"}},"34":{"Type":"Standard","SubType":"","Description":"Integrity\u00a0","ID":"BL_29pO0TOGq2UxGtM","Options":{"BlockLocking":false,"RandomizeQuestions":"false","BlockVisibility":"Expanded"},"BlockElements":[{"Type":"Question","QuestionID":"QID1219016659"},{"Type":"Question","QuestionID":"QID1219016660"},{"Type":"Question","QuestionID":"QID1219016661"}]},"36":{"Type":"Standard","SubType":"","Description":"break and captcha","ID":"BL_3sdWUzCJftuB1hs","BlockElements":[{"Type":"Question","QuestionID":"QID1219020614"}],"Options":{"BlockLocking":"false","RandomizeQuestions":"false","BlockVisibility":"Collapsed"}},"37":{"Type":"Standard","SubType":"","Description":"random_climate","ID":"BL_6KeHQWbGlo39OaW","BlockElements":[{"Type":"Question","QuestionID":"QID86"}]},"40":{"Type":"Standard","SubType":"","Description":"Combination_climate","ID":"BL_0waaEsGdTXgovB4","BlockElements":[{"Type":"Question","QuestionID":"QID1219021120"}]}}},{"SurveyID":"SV_cI7zJxTcGUxyoIe","Element":"FL","PrimaryAttribute":"Survey Flow","SecondaryAttribute":null,"TertiaryAttribute":null,"Payload":{"Type":"Root","FlowID":"FL_1","Flow":[{"Type":"EmbeddedData","FlowID":"FL_2","EmbeddedData":[{"Description":"condition","Type":"Recipient","Field":"condition","VariableType":"String","DataVisibility":[],"AnalyzeText":false},{"Description":"PROLIFIC_PID","Type":"Recipient","Field":"PROLIFIC_PID","VariableType":"String","DataVisibility":[],"AnalyzeText":false}]},{"Type":"Block","ID":"BL_a4tc7uGEDlrS4CO","FlowID":"FL_3","Autofill":[]},{"Type":"Standard","ID":"BL_1XDB40GyDhQzAOy","FlowID":"FL_4","Autofill":[]},{"Type":"Standard","ID":"BL_3sdWUzCJftuB1hs","FlowID":"FL_5","Autofill":[]},{"Type":"Standard","ID":"BL_81U5npTYODC09yS","FlowID":"FL_6","Autofill":[]},{"Type":"BlockRandomizer","FlowID":"FL_7","SubSet":1,"EvenPresentation":true,"Flow":[{"Type":"Group","FlowID":"FL_16","Description":"Treatment Group","Flow":[{"Type":"Standard","ID":"BL_af3cOL3uBrCm6c6","FlowID":"FL_25","Autofill":[]},{"Type":"EmbeddedData","FlowID":"FL_26","EmbeddedData":[{"Description":"condition","Type":"Custom","Field":"condition","VariableType":"String","DataVisibility":[],"AnalyzeText":false,"Value":"impressive"}]}]},{"Type":"BlockRandomizer","FlowID":"FL_28","SubSet":1,"EvenPresentation":true,"Flow":[{"Type":"Group","FlowID":"FL_18","Description":"Rando Group","Flow":[{"Type":"Standard","ID":"BL_6KeHQWbGlo39OaW","FlowID":"FL_20","Autofill":[]},{"Type":"EmbeddedData","FlowID":"FL_21","EmbeddedData":[{"Description":"condition","Type":"Custom","Field":"condition","VariableType":"String","DataVisibility":[],"AnalyzeText":false,"Value":"random"}]}]},{"Type":"Group","FlowID":"FL_17","Description":"Control Group","Flow":[{"Type":"Standard","ID":"BL_0NfV7z8sndVnRjM","FlowID":"FL_22","Autofill":[]},{"Type":"EmbeddedData","FlowID":"FL_24","EmbeddedData":[{"Description":"condition","Type":"Custom","Field":"condition","VariableType":"String","DataVisibility":[],"AnalyzeText":false,"Value":"control"}]}]}]},{"Type":"Group","FlowID":"FL_19","Description":"Combination group","Flow":[{"Type":"Standard","ID":"BL_0waaEsGdTXgovB4","FlowID":"FL_15","Autofill":[]},{"Type":"EmbeddedData","FlowID":"FL_27","EmbeddedData":[{"Description":"condition","Type":"Custom","Field":"condition","VariableType":"String","DataVisibility":[],"AnalyzeText":false,"Value":"combination"}]}]}]},{"Type":"Standard","ID":"BL_56gSZe2ugZRYiDc","FlowID":"FL_8","Autofill":[]},{"Type":"Standard","ID":"BL_6JfgCkzQQamUqnY","FlowID":"FL_9","Autofill":[]},{"Type":"Standard","ID":"BL_1XMKkjIxDIl2gui","FlowID":"FL_10","Autofill":[]},{"Type":"Standard","ID":"BL_9vgSC9VFhFXSY8m","FlowID":"FL_11","Autofill":[]},{"Type":"Standard","ID":"BL_5u85v0RY8GSPNpY","FlowID":"FL_12","Autofill":[]},{"Type":"Standard","ID":"BL_77fk9AkEEVUNRRk","FlowID":"FL_13","Autofill":[]}],"Properties":{"Count":28}}},{"SurveyID":"SV_cI7zJxTcGUxyoIe","Element":"NT","PrimaryAttribute":"NT_0P43L9iq0tS7h7o","SecondaryAttribute":null,"TertiaryAttribute":null,"Payload":{"Notes":[{"Message":"z","ID":"NO_3yfthVfZ3IWXlQy","UserID":"UR_a9ppz4m55qzVlhs","Timestamp":1761743008,"Removed":true}],"UserStatuses":{"UR_a9ppz4m55qzVlhs":"Expanded"},"ParentID":"QID15","ID":"NT_0P43L9iq0tS7h7o"}},{"SurveyID":"SV_cI7zJxTcGUxyoIe","Element":"PL","PrimaryAttribute":"Preview Link","SecondaryAttribute":null,"TertiaryAttribute":null,"Payload":{"PreviewType":"Brand","PreviewID":"c44d3565-8f21-4fab-b83a-823d3762a4fe"}},{"SurveyID":"SV_cI7zJxTcGUxyoIe","Element":"PROJ","PrimaryAttribute":"CORE","SecondaryAttribute":null,"TertiaryAttribute":"1.1.0","Payload":{"ProjectCategory":"CORE","SchemaVersion":"1.1.0"}},{"SurveyID":"SV_cI7zJxTcGUxyoIe","Element":"QC","PrimaryAttribute":"Survey Question Count","SecondaryAttribute":"89","TertiaryAttribute":null,"Payload":null},{"SurveyID":"SV_cI7zJxTcGUxyoIe","Element":"QG","PrimaryAttribute":"QG_s0shUQb3hLVyycW","SecondaryAttribute":"Default Quota Group","TertiaryAttribute":null,"Payload":{"ID":"QG_s0shUQb3hLVyycW","Name":"Default Quota Group","Selected":true,"MultipleMatch":"PlaceInAll","Public":false,"Quotas":[]}},{"SurveyID":"SV_cI7zJxTcGUxyoIe","Element":"QGO","PrimaryAttribute":"QGO_QuotaGroupOrder","SecondaryAttribute":null,"TertiaryAttribute":null,"Payload":["QG_s0shUQb3hLVyycW"]},{"SurveyID":"SV_cI7zJxTcGUxyoIe","Element":"RS","PrimaryAttribute":"RS_9XIDW4pa99I8I18","SecondaryAttribute":"Default Response Set","TertiaryAttribute":null,"Payload":null},{"SurveyID":"SV_cI7zJxTcGUxyoIe","Element":"SCO","PrimaryAttribute":"Scoring","SecondaryAttribute":null,"TertiaryAttribute":null,"Payload":{"ScoringCategories":[],"ScoringCategoryGroups":[],"ScoringSummaryCategory":null,"ScoringSummaryAfterQuestions":0,"ScoringSummaryAfterSurvey":0,"DefaultScoringCategory":null,"AutoScoringCategory":null}},{"SurveyID":"SV_cI7zJxTcGUxyoIe","Element":"SO","PrimaryAttribute":"Survey Options","SecondaryAttribute":null,"TertiaryAttribute":null,"Payload":{"BackButton":"false","SaveAndContinue":"true","SurveyProtection":"PublicSurvey","BallotBoxStuffingPrevention":"false","NoIndex":"Yes","SecureResponseFiles":"true","SurveyExpiration":"None","SurveyTermination":"Redirect","Header":"","Footer":"","ProgressBarDisplay":"None","PartialData":"+1 week","ValidationMessage":null,"PreviousButton":"","NextButton":"","SurveyTitle":"Qualtrics Survey | Qualtrics Experience Management","SkinLibrary":"dauphinem1","SkinType":"templated","Skin":{"brandingId":null,"templateId":"*base","overrides":null},"NewScoring":1,"SurveyMetaDescription":"The most powerful, simple and trusted way to gather experience data. Start your journey to experience management and try a free account today.","SurveyName":"Climatologist","EOSMessage":null,"ShowExportTags":"false","CollectGeoLocation":"false","PasswordProtection":"No","AnonymizeResponse":"Yes","RefererCheck":"No","BallotBoxStuffingPreventionBehavior":null,"BallotBoxStuffingPreventionMessage":null,"BallotBoxStuffingPreventionMessageLibrary":null,"BallotBoxStuffingPreventionURL":null,"RecaptchaV3":"false","ConfirmStart":false,"AutoConfirmStart":false,"RelevantID":"false","RelevantIDLockoutPeriod":"+30 days","UseCustomSurveyLinkCompletedMessage":null,"SurveyLinkCompletedMessage":null,"SurveyLinkCompletedMessageLibrary":null,"ResponseSummary":"No","EOSMessageLibrary":null,"EOSRedirectURL":"https:\/\/app.prolific.com\/submissions\/complete?cc=C1F4KPG8","EmailThankYou":"false","ThankYouEmailMessageLibrary":null,"ThankYouEmailMessage":null,"ValidateMessage":"false","ValidationMessageLibrary":null,"InactiveSurvey":null,"PartialDeletion":null,"PartialDataCloseAfter":"LastActivity","InactiveMessageLibrary":null,"InactiveMessage":null,"AvailableLanguages":{"EN":[]},"ProtectSelectionIds":true,"CustomStyles":{"customCSS":"\/* Positionner les labels textuels au-dessus du slider *\/\n.LabelLeft {\n    position: absolute !important;\n    top: -45px !important;\n    left: 0 !important;\n    text-align: left !important;\n}\n\n.LabelRight {\n    position: absolute !important;\n    top: -45px !important;\n    right: 0 !important;\n    text-align: right !important;\n}\n\n\/* Cr\u00e9er de l'espace pour les labels au-dessus *\/\n.slider-container {\n    margin-top: 50px !important;\n    position: relative !important;\n}\n\n\/* Positionner les chiffres sous les labels textuels *\/\n.scale-label {\n    margin-top: 5px !important;\n}\n"}}},{"SurveyID":"SV_cI7zJxTcGUxyoIe","Element":"SQ","PrimaryAttribute":"QID11","SecondaryAttribute":"Climate scientists are scientists who study the Earth\u2019s climate and how it changes over time. The.","TertiaryAttribute":null,"Payload":{"QuestionText":"<div style=\"text-align: left;\">Climate scientists are scientists who study the Earth\u2019s climate and how it changes over time.<br>\n<br>\nTheir main goal is to understand the interactions between the atmosphere, oceans, land surfaces, and living organisms that determine the planet\u2019s climate.<br>\n<br>\nTo do so, they rely on a variety of evidence such as long-term temperature and precipitation records, ice cores from glaciers and polar ice caps, tree rings that reveal yearly growth patterns, and sediments found in lakes and oceans.<br>\n<br>\nThey also study the chemical composition of gases trapped in ice or present in the atmosphere to trace changes in greenhouse gas concentrations. All these data must be collected and analyzed to ensure that the conclusions drawn are accurate and reliable.<br>\n<br>\nClimate scientists work in many different environments around the world. Their research often focuses on large-scale climate phenomena such as glaciations, droughts, monsoon cycles, or ocean-atmosphere interactions like El Ni\u00f1o and La Ni\u00f1a.<br>\nBy comparing past and present climate data, scientists can reconstruct how the Earth\u2019s climate has varied over the years.<br>\n<br>\nThis historical perspective helps them identify natural climate cycles and distinguish them from recent human-induced changes. In addition to studying natural variations, climate scientists also investigate how human activities have influenced the climate, especially since the Industrial Revolution.<br>\n<br>\nThey analyze how greenhouse gases such as carbon dioxide, methane, and nitrous oxide have increased in the atmosphere due to activities like burning fossil fuels, deforestation, and intensive agriculture.<br>\n<br>\nThese studies allow us to understand the mechanisms behind global warming and predict its potential impacts on ecosystems, weather patterns, and human societies.<\/div>","DefaultChoices":false,"DataExportTag":"Text 2","QuestionType":"DB","Selector":"TB","DataVisibility":{"Private":false,"Hidden":false},"Configuration":{"QuestionDescriptionOption":"UseText"},"QuestionDescription":"Climate scientists are scientists who study the Earth\u2019s climate and how it changes over time. The...","ChoiceOrder":[],"Validation":{"Settings":{"Type":"None"}},"GradingData":[],"Language":[],"NextChoiceId":9,"NextAnswerId":1,"QuestionID":"QID11"}},{"SurveyID":"SV_cI7zJxTcGUxyoIe","Element":"SQ","PrimaryAttribute":"QID1219003469","SecondaryAttribute":"How open, if at all, are most climate scientists to feedback?","TertiaryAttribute":null,"Payload":{"QuestionText":"How open, if at all, are most climate scientists to feedback?","DefaultChoices":false,"QuestionType":"Slider","Selector":"HSLIDER","DataVisibility":{"Private":false,"Hidden":false},"Configuration":{"QuestionDescriptionOption":"UseText","CSSliderMin":0,"CSSliderMax":100,"GridLines":10,"SnapToGrid":false,"NumDecimals":"0","ShowValue":true,"CustomStart":true,"NotApplicable":false,"MobileFirst":true,"SliderStartPositions":{"1":0.501369863013698680020979736582376062870025634765625}},"QuestionDescription":"How open, if at all, are most climate scientists to feedback?","Choices":{"1":{"Display":"&nbsp;"}},"ChoiceOrder":[1],"Validation":{"Settings":{"ForceResponse":"ON","ForceResponseType":"ON","Type":"None"}},"GradingData":[],"Language":[],"NextChoiceId":2,"NextAnswerId":3,"Labels":{"1":{"Display":"Not open"},"2":{"Display":"Very open"}},"QuestionText_Unsafe":"How open, if at all, are most climate scientists to feedback?","DataExportTag":"Openness","QuestionID":"QID1219003469"}},{"SurveyID":"SV_cI7zJxTcGUxyoIe","Element":"SQ","PrimaryAttribute":"QID1219003470","SecondaryAttribute":"How unwilling or willing are most climate scientists to be transparent?","TertiaryAttribute":null,"Payload":{"QuestionText":"How unwilling or willing are most climate scientists to be transparent?","DefaultChoices":false,"QuestionType":"Slider","Selector":"HSLIDER","DataVisibility":{"Private":false,"Hidden":false},"Configuration":{"QuestionDescriptionOption":"UseText","CSSliderMin":0,"CSSliderMax":100,"GridLines":10,"SnapToGrid":false,"NumDecimals":"0","ShowValue":true,"CustomStart":true,"NotApplicable":false,"MobileFirst":true,"SliderStartPositions":{"1":0.498630136986301375490171494675450958311557769775390625}},"QuestionDescription":"How unwilling or willing are most climate scientists to be transparent?","Choices":{"1":{"Display":"&nbsp;"}},"ChoiceOrder":[1],"Validation":{"Settings":{"ForceResponse":"ON","ForceResponseType":"ON","Type":"None"}},"GradingData":[],"Language":[],"NextChoiceId":2,"NextAnswerId":3,"Labels":{"1":{"Display":"Very unwilling"},"2":{"Display":"Very willing"}},"QuestionText_Unsafe":"How unwilling or willing are most climate scientists to be transparent?","DataExportTag":"Transparency","QuestionID":"QID1219003470"}},{"SurveyID":"SV_cI7zJxTcGUxyoIe","Element":"SQ","PrimaryAttribute":"QID1219003471","SecondaryAttribute":"How little or much attention do climate scientists pay to others' views?","TertiaryAttribute":null,"Payload":{"QuestionText":"How little or much attention do climate scientists pay to others' views?","DefaultChoices":false,"QuestionType":"Slider","Selector":"HSLIDER","DataVisibility":{"Private":false,"Hidden":false},"Configuration":{"QuestionDescriptionOption":"UseText","CSSliderMin":0,"CSSliderMax":100,"GridLines":10,"SnapToGrid":false,"NumDecimals":"0","ShowValue":true,"CustomStart":true,"NotApplicable":false,"MobileFirst":true,"SliderStartPositions":{"1":0.498630136986301375490171494675450958311557769775390625}},"QuestionDescription":"How little or much attention do climate scientists pay to others' views?","Choices":{"1":{"Display":"&nbsp;"}},"ChoiceOrder":[1],"Validation":{"Settings":{"ForceResponse":"ON","ForceResponseType":"ON","Type":"None"}},"GradingData":[],"Language":[],"NextChoiceId":2,"NextAnswerId":3,"Labels":{"1":{"Display":"Very little attention"},"2":{"Display":"A great deal of attention"}},"QuestionText_Unsafe":"How little or much attention do climate scientists pay to others' views?","DataExportTag":"Others","QuestionID":"QID1219003471"}},{"SurveyID":"SV_cI7zJxTcGUxyoIe","Element":"SQ","PrimaryAttribute":"QID1219003589","SecondaryAttribute":"How open, if at all, are most climate scientists to feedback?","TertiaryAttribute":null,"Payload":{"QuestionText":"How open, if at all, are most climate scientists to feedback?","DefaultChoices":false,"QuestionType":"Slider","Selector":"HSLIDER","DataVisibility":{"Private":false,"Hidden":false},"Configuration":{"QuestionDescriptionOption":"UseText","CSSliderMin":0,"CSSliderMax":100,"GridLines":10,"SnapToGrid":false,"NumDecimals":"0","ShowValue":true,"CustomStart":true,"NotApplicable":false,"MobileFirst":true,"SliderStartPositions":{"1":0.50410958904109592904063674723147414624691009521484375}},"QuestionDescription":"How open, if at all, are most climate scientists to feedback?","Choices":{"1":{"Display":"&nbsp;"}},"ChoiceOrder":[1],"Validation":{"Settings":{"ForceResponse":"ON","ForceResponseType":"ON","Type":"None"}},"GradingData":[],"Language":[],"NextChoiceId":2,"NextAnswerId":3,"Labels":{"1":{"Display":"Not open"},"2":{"Display":"Very open"}},"QuestionText_Unsafe":"How open, if at all, are most climate scientists to feedback?","DataExportTag":"Feedback","QuestionID":"QID1219003589"}},{"SurveyID":"SV_cI7zJxTcGUxyoIe","Element":"SQ","PrimaryAttribute":"QID1219003590","SecondaryAttribute":"How unwilling or willing are most climate scientists to be transparent?","TertiaryAttribute":null,"Payload":{"QuestionText":"How unwilling or willing are most climate scientists to be transparent?","DefaultChoices":false,"QuestionType":"Slider","Selector":"HSLIDER","DataVisibility":{"Private":false,"Hidden":false},"Configuration":{"QuestionDescriptionOption":"UseText","CSSliderMin":0,"CSSliderMax":100,"GridLines":10,"SnapToGrid":false,"NumDecimals":"0","ShowValue":true,"CustomStart":true,"NotApplicable":false,"MobileFirst":true,"SliderStartPositions":{"1":0.50410958904109592904063674723147414624691009521484375}},"QuestionDescription":"How unwilling or willing are most climate scientists to be transparent?","Choices":{"1":{"Display":"&nbsp;"}},"ChoiceOrder":[1],"Validation":{"Settings":{"ForceResponse":"ON","ForceResponseType":"ON","Type":"None"}},"GradingData":[],"Language":[],"NextChoiceId":2,"NextAnswerId":3,"Labels":{"1":{"Display":"Very unwilling"},"2":{"Display":"Very willing"}},"QuestionText_Unsafe":"How unwilling or willing are most climate scientists to be transparent?","DataExportTag":"Transparency","QuestionID":"QID1219003590"}},{"SurveyID":"SV_cI7zJxTcGUxyoIe","Element":"SQ","PrimaryAttribute":"QID1219003591","SecondaryAttribute":"How little or much attention do climate scientists pay to others' views?","TertiaryAttribute":null,"Payload":{"QuestionText":"How little or much attention do climate scientists pay to others' views?","DefaultChoices":false,"QuestionType":"Slider","Selector":"HSLIDER","DataVisibility":{"Private":false,"Hidden":false},"Configuration":{"QuestionDescriptionOption":"UseText","CSSliderMin":0,"CSSliderMax":100,"GridLines":10,"SnapToGrid":false,"NumDecimals":"0","ShowValue":true,"CustomStart":true,"NotApplicable":false,"MobileFirst":true,"SliderStartPositions":{"1":0.495890410958904126470514484026352874934673309326171875}},"QuestionDescription":"How little or much attention do climate scientists pay to others' views?","Choices":{"1":{"Display":"&nbsp;"}},"ChoiceOrder":[1],"Validation":{"Settings":{"ForceResponse":"ON","ForceResponseType":"ON","Type":"None"}},"GradingData":[],"Language":[],"NextChoiceId":2,"NextAnswerId":3,"Labels":{"1":{"Display":"Very little attention"},"2":{"Display":"A great deal of attention"}},"QuestionText_Unsafe":"How little or much attention do climate scientists pay to others' views?","DataExportTag":"Attentiveness","QuestionID":"QID1219003591"}},{"SurveyID":"SV_cI7zJxTcGUxyoIe","Element":"SQ","PrimaryAttribute":"QID1219003652","SecondaryAttribute":"How impressive do you think the climate scientists described in the text are?","TertiaryAttribute":null,"Payload":{"QuestionText":"How impressive do you think the climate scientists described in the text are?","DefaultChoices":false,"QuestionType":"MC","Selector":"SAVR","SubSelector":"TX","DataVisibility":{"Private":false,"Hidden":false},"Configuration":{"QuestionDescriptionOption":"UseText"},"QuestionDescription":"How impressive do you think the climate scientists described in the text are?","Choices":{"1":{"Display":"1 - Not very impressive"},"2":{"Display":"2 - A bit impressive"},"3":{"Display":"3 - Quite impressive"},"4":{"Display":"4 - Very impressive"},"5":{"Display":"5 - Extremely impressive"}},"ChoiceOrder":[1,2,3,4,5],"Validation":{"Settings":{"ForceResponse":"ON","ForceResponseType":"ON","Type":"None"}},"GradingData":[],"Language":[],"NextChoiceId":6,"NextAnswerId":1,"QuestionText_Unsafe":"How impressive do you think the climate scientists described in the text are?","DataExportTag":"Impressiveness","QuestionID":"QID1219003652"}},{"SurveyID":"SV_cI7zJxTcGUxyoIe","Element":"SQ","PrimaryAttribute":"QID1219016659","SecondaryAttribute":"How dishonest or honest are most climate scientists ? ","TertiaryAttribute":null,"Payload":{"QuestionText":"How dishonest or honest are most climate scientists ?&nbsp;","DefaultChoices":false,"QuestionType":"Slider","Selector":"HSLIDER","DataVisibility":{"Private":false,"Hidden":false},"Configuration":{"QuestionDescriptionOption":"UseText","CSSliderMin":0,"CSSliderMax":100,"GridLines":10,"SnapToGrid":false,"NumDecimals":"0","ShowValue":true,"CustomStart":true,"NotApplicable":false,"MobileFirst":true,"SliderStartPositions":{"1":0.495890410958904126470514484026352874934673309326171875}},"QuestionDescription":"How dishonest or honest are most climate scientists ? ","Choices":{"1":{"Display":"&nbsp;"}},"ChoiceOrder":[1],"Validation":{"Settings":{"ForceResponse":"ON","ForceResponseType":"ON","Type":"None"}},"GradingData":[],"Language":[],"NextChoiceId":2,"NextAnswerId":3,"Labels":{"1":{"Display":"Very dishonest"},"2":{"Display":"Very honest"}},"QuestionText_Unsafe":"How dishonest or honest are most climate scientists ?&nbsp;","DataExportTag":"Honesty","QuestionID":"QID1219016659"}},{"SurveyID":"SV_cI7zJxTcGUxyoIe","Element":"SQ","PrimaryAttribute":"QID1219016660","SecondaryAttribute":"How unethical or ethical are most climate scientists?","TertiaryAttribute":null,"Payload":{"QuestionText":"How unethical or ethical are most climate scientists?","DefaultChoices":false,"QuestionType":"Slider","Selector":"HSLIDER","DataVisibility":{"Private":false,"Hidden":false},"Configuration":{"QuestionDescriptionOption":"UseText","CSSliderMin":0,"CSSliderMax":100,"GridLines":10,"SnapToGrid":false,"NumDecimals":"0","ShowValue":true,"CustomStart":true,"NotApplicable":false,"MobileFirst":true,"SliderStartPositions":{"1":0.495890410958904126470514484026352874934673309326171875}},"QuestionDescription":"How unethical or ethical are most climate scientists?","Choices":{"1":{"Display":"&nbsp;"}},"ChoiceOrder":[1],"Validation":{"Settings":{"ForceResponse":"ON","ForceResponseType":"ON","Type":"None"}},"GradingData":[],"Language":[],"NextChoiceId":2,"NextAnswerId":3,"Labels":{"1":{"Display":"Very unethical"},"2":{"Display":"Very ethical"}},"QuestionText_Unsafe":"How unethical or ethical are most climate scientists?","DataExportTag":"Ethic","QuestionID":"QID1219016660"}},{"SurveyID":"SV_cI7zJxTcGUxyoIe","Element":"SQ","PrimaryAttribute":"QID1219016661","SecondaryAttribute":"How insincere or sincere are most climate scientists?","TertiaryAttribute":null,"Payload":{"QuestionText":"How insincere or sincere are most climate scientists?","DefaultChoices":false,"QuestionType":"Slider","Selector":"HSLIDER","DataVisibility":{"Private":false,"Hidden":false},"Configuration":{"QuestionDescriptionOption":"UseText","CSSliderMin":0,"CSSliderMax":100,"GridLines":10,"SnapToGrid":false,"NumDecimals":"0","ShowValue":true,"CustomStart":true,"NotApplicable":false,"MobileFirst":true,"SliderStartPositions":{"1":0.501369863013698680020979736582376062870025634765625}},"QuestionDescription":"How insincere or sincere are most climate scientists?","Choices":{"1":{"Display":"&nbsp;"}},"ChoiceOrder":[1],"Validation":{"Settings":{"ForceResponse":"ON","ForceResponseType":"ON","Type":"None"}},"GradingData":[],"Language":[],"NextChoiceId":2,"NextAnswerId":3,"Labels":{"1":{"Display":"Very insincere"},"2":{"Display":"Very sincere"}},"QuestionText_Unsafe":"How insincere or sincere are most climate scientists?","DataExportTag":"Sincerity","QuestionID":"QID1219016661"}},{"SurveyID":"SV_cI7zJxTcGUxyoIe","Element":"SQ","PrimaryAttribute":"QID1219020614","SecondaryAttribute":"Thank you for completing this first phase of our survey. In order to continue, click below to con...","TertiaryAttribute":null,"Payload":{"QuestionText":"Thank you for completing this first phase of our survey.<br><br>In order to continue, click below to confirm that you are not a robot.","DefaultChoices":false,"QuestionType":"Captcha","Selector":"V2","DataVisibility":{"Private":false,"Hidden":false},"Configuration":{"QuestionDescriptionOption":"UseText","Align":"left","Theme":"light"},"QuestionDescription":"Thank you for completing this first phase of our survey. In order to continue, click below to con...","GradingData":[],"Language":[],"NextChoiceId":4,"NextAnswerId":1,"QuestionText_Unsafe":"Thank you for completing this first phase of our survey.<br><br>In order to continue, click below to confirm that you are not a robot.","DataExportTag":"Captcha","QuestionID":"QID1219020614"}},{"SurveyID":"SV_cI7zJxTcGUxyoIe","Element":"SQ","PrimaryAttribute":"QID1219021120","SecondaryAttribute":"Throughout history, few fields have demanded as much intellectual rigor and moral commitment as t...","TertiaryAttribute":null,"Payload":{"QuestionText":"Throughout history, few fields have demanded as much intellectual rigor and moral commitment as the study of Earth\u2019s climate. <br><br>The insights gleaned from this discipline have shaped how societies manage resources, anticipate natural disasters, and safeguard future generations. When coastal cities reinforce infrastructure against rising seas, or farmers adjust planting cycles in response to shifting weather patterns, these actions rest on the foundation of data painstakingly gathered, verified, and interpreted by climate researchers. <br><br>The ability to predict droughts, floods, and heatwaves\u2014not decades in advance, but often just in time to save lives\u2014did not arise by accident. It is the cumulative result of work that is both technically complex and globally coordinated, stretching across decades of observation, satellite monitoring, and computer modeling.\n<br><br>The challenges inherent in this work are formidable. Climate systems are vast, intertwined networks governed by chaotic feedback loops, where a small error in one parameter can ripple into an entirely different forecast. Scientists must reconcile measurements from oceans, land, and atmosphere\u2014each with its own uncertainties\u2014and then translate that into models that policymakers can actually use. They face not only the intellectual burden of making sense of this complexity, but also the emotional weight of knowing what is at stake. <br><br>The consequences of their findings often provoke debate or resistance, yet they must persist, guided by evidence rather than popularity.\n\nDespite the political and personal pressures surrounding climate research, the motives that drive most in this field are not self-serving. The discipline offers little in the way of fame or fortune; its rewards are primarily intangible: the satisfaction of contributing to the collective well-being, the quiet conviction that one\u2019s work helps others prepare for an uncertain future. <br><br>Researchers frequently share data openly, collaborate across borders, and subject their results to rigorous public scrutiny\u2014all hallmarks of a community that values transparency over ego. <br><br>Their findings often lead to policies that benefit people they will never meet, in places they will never visit.\n\nThe cumulative effect of their labor is a more informed humanity\u2014one capable of understanding the fragility of its environment and the pathways to preserve it. It is difficult to think of another pursuit that so directly connects technical precision, ethical responsibility, and global compassion.","DefaultChoices":false,"QuestionType":"DB","Selector":"TB","DataVisibility":{"Private":false,"Hidden":false},"Configuration":{"QuestionDescriptionOption":"UseText"},"QuestionDescription":"Throughout history, few fields have demanded as much intellectual rigor and moral commitment as t...","ChoiceOrder":[],"Validation":{"Settings":{"Type":"None"}},"GradingData":[],"Language":[],"NextChoiceId":4,"NextAnswerId":1,"QuestionText_Unsafe":"Throughout history, few fields have demanded as much intellectual rigor and moral commitment as the study of Earth\u2019s climate. <br><br>The insights gleaned from this discipline have shaped how societies manage resources, anticipate natural disasters, and safeguard future generations. When coastal cities reinforce infrastructure against rising seas, or farmers adjust planting cycles in response to shifting weather patterns, these actions rest on the foundation of data painstakingly gathered, verified, and interpreted by climate researchers. <br><br>The ability to predict droughts, floods, and heatwaves\u2014not decades in advance, but often just in time to save lives\u2014did not arise by accident. It is the cumulative result of work that is both technically complex and globally coordinated, stretching across decades of observation, satellite monitoring, and computer modeling.\n<br><br>&nbsp;The challenges inherent in this work are formidable. Climate systems are vast, intertwined networks governed by chaotic feedback loops, where a small error in one parameter can ripple into an entirely different forecast. Scientists must reconcile measurements from oceans, land, and atmosphere\u2014each with its own uncertainties\u2014and then translate that into models that policymakers can actually use. They face not only the intellectual burden of making sense of this complexity, but also the emotional weight of knowing what is at stake. <br><br>The consequences of their findings often provoke debate or resistance, yet they must persist, guided by evidence rather than popularity.\n\nDespite the political and personal pressures surrounding climate research, the motives that drive most in this field are not self-serving. The discipline offers little in the way of fame or fortune; its rewards are primarily intangible: the satisfaction of contributing to the collective well-being, the quiet conviction that one\u2019s work helps others prepare for an uncertain future. <br><br>Researchers frequently share data openly, collaborate across borders, and subject their results to rigorous public scrutiny\u2014all hallmarks of a community that values transparency over ego. <br><br>Their findings often lead to policies that benefit people they will never meet, in places they will never visit.\n\nThe cumulative effect of their labor is a more informed humanity\u2014one capable of understanding the fragility of its environment and the pathways to preserve it. It is difficult to think of another pursuit that so directly connects technical precision, ethical responsibility, and global compassion.","DataExportTag":"Text 4","QuestionID":"QID1219021120"}},{"SurveyID":"SV_cI7zJxTcGUxyoIe","Element":"SQ","PrimaryAttribute":"QID13","SecondaryAttribute":"How impressive do you think the climate scientists described in the text are?","TertiaryAttribute":null,"Payload":{"QuestionText":"How impressive do you think the climate scientists described in the text are?","DefaultChoices":false,"DataExportTag":"Impressiveness","QuestionType":"MC","Selector":"SAVR","SubSelector":"TX","DataVisibility":{"Private":false,"Hidden":false},"Configuration":{"QuestionDescriptionOption":"UseText"},"QuestionDescription":"How impressive do you think the climate scientists described in the text are?","Choices":{"1":{"Display":"1 - Not very impressive"},"2":{"Display":"2 - A bit impressive"},"3":{"Display":"3 - Quite impressive"},"4":{"Display":"4 - Very impressive"},"5":{"Display":"5 - Extremely impressive"}},"ChoiceOrder":[1,2,3,4,5],"Validation":{"Settings":{"ForceResponse":"ON","ForceResponseType":"ON","Type":"None"}},"GradingData":[],"Language":[],"NextChoiceId":6,"NextAnswerId":1,"QuestionID":"QID13"}},{"SurveyID":"SV_cI7zJxTcGUxyoIe","Element":"SQ","PrimaryAttribute":"QID16","SecondaryAttribute":"How unintelligent or intelligent are most climate scientists?","TertiaryAttribute":null,"Payload":{"QuestionText":"How unintelligent or intelligent are most climate scientists?","DefaultChoices":false,"DataExportTag":"Intelligence","QuestionType":"Slider","Selector":"HSLIDER","DataVisibility":{"Private":false,"Hidden":false},"Configuration":{"QuestionDescriptionOption":"UseText","CSSliderMin":0,"CSSliderMax":100,"GridLines":10,"SnapToGrid":false,"NumDecimals":"0","ShowValue":true,"CustomStart":true,"NotApplicable":false,"MobileFirst":true,"SliderStartPositions":{"1":0.498630136986301375490171494675450958311557769775390625}},"QuestionDescription":"How unintelligent or intelligent are most climate scientists?","Choices":{"1":{"Display":"&nbsp;"}},"ChoiceOrder":[1],"Validation":{"Settings":{"ForceResponse":"ON","ForceResponseType":"ON","Type":"None"}},"GradingData":[],"Language":[],"NextChoiceId":2,"NextAnswerId":3,"Labels":{"1":{"Display":"Very unintelligent"},"2":{"Display":"Very intelligent"}},"QuestionID":"QID16"}},{"SurveyID":"SV_cI7zJxTcGUxyoIe","Element":"SQ","PrimaryAttribute":"QID19","SecondaryAttribute":"How unconcerned or concerned are most climate scientists about people\u2019s wellbeing?","TertiaryAttribute":null,"Payload":{"QuestionText":"How unconcerned or concerned are most climate scientists about people\u2019s wellbeing?","DefaultChoices":false,"DataExportTag":"Concern","QuestionType":"Slider","Selector":"HSLIDER","DataVisibility":{"Private":false,"Hidden":false},"Configuration":{"QuestionDescriptionOption":"UseText","CSSliderMin":0,"CSSliderMax":100,"GridLines":10,"SnapToGrid":false,"NumDecimals":"0","ShowValue":true,"CustomStart":true,"NotApplicable":false,"MobileFirst":true,"SliderStartPositions":{"1":0.501369863013698680020979736582376062870025634765625}},"QuestionDescription":"How unconcerned or concerned are most climate scientists about people\u2019s wellbeing?","Choices":{"1":{"Display":"&nbsp;"}},"ChoiceOrder":[1],"Validation":{"Settings":{"ForceResponse":"ON","ForceResponseType":"ON","Type":"None"}},"GradingData":[],"Language":[],"NextChoiceId":2,"NextAnswerId":3,"Labels":{"1":{"Display":"Very unconcerned"},"2":{"Display":"Very concerned"}},"QuestionID":"QID19"}},{"SurveyID":"SV_cI7zJxTcGUxyoIe","Element":"SQ","PrimaryAttribute":"QID20","SecondaryAttribute":"How unqualified or qualified are most climate scientists ? ","TertiaryAttribute":null,"Payload":{"QuestionText":"How unqualified or qualified are most climate scientists ?&nbsp;","DefaultChoices":false,"DataExportTag":"Qualification","QuestionType":"Slider","Selector":"HSLIDER","DataVisibility":{"Private":false,"Hidden":false},"Configuration":{"QuestionDescriptionOption":"UseText","CSSliderMin":0,"CSSliderMax":100,"GridLines":10,"SnapToGrid":false,"NumDecimals":"0","ShowValue":true,"CustomStart":true,"NotApplicable":false,"MobileFirst":true,"SliderStartPositions":{"1":0.501369863013698680020979736582376062870025634765625}},"QuestionDescription":"How unqualified or qualified are most climate scientists ? ","Choices":{"1":{"Display":"&nbsp;"}},"ChoiceOrder":[1],"Validation":{"Settings":{"ForceResponse":"ON","ForceResponseType":"ON","Type":"None"}},"GradingData":[],"Language":[],"NextChoiceId":2,"NextAnswerId":3,"Labels":{"1":{"Display":"Very unqualified"},"2":{"Display":"Very qualified"}},"QuestionID":"QID20"}},{"SurveyID":"SV_cI7zJxTcGUxyoIe","Element":"SQ","PrimaryAttribute":"QID21","SecondaryAttribute":"How uneager or eager are most climate scientists to improve others\u2019 lives?","TertiaryAttribute":null,"Payload":{"QuestionText":"How uneager or eager are most climate scientists to improve others\u2019 lives?","DefaultChoices":false,"DataExportTag":"Eagerness","QuestionType":"Slider","Selector":"HSLIDER","DataVisibility":{"Private":false,"Hidden":false},"Configuration":{"QuestionDescriptionOption":"UseText","CSSliderMin":0,"CSSliderMax":100,"GridLines":10,"SnapToGrid":false,"NumDecimals":"0","ShowValue":true,"CustomStart":true,"NotApplicable":false,"MobileFirst":true,"SliderStartPositions":{"1":0.4962264150943396234794136034906841814517974853515625}},"QuestionDescription":"How uneager or eager are most climate scientists to improve others\u2019 lives?","Choices":{"1":{"Display":"&nbsp;"}},"ChoiceOrder":[1],"Validation":{"Settings":{"ForceResponse":"ON","ForceResponseType":"ON","Type":"None"}},"GradingData":[],"Language":[],"NextChoiceId":2,"NextAnswerId":3,"Labels":{"1":{"Display":"Very uneager"},"2":{"Display":"Very eager"}},"QuestionID":"QID21"}},{"SurveyID":"SV_cI7zJxTcGUxyoIe","Element":"SQ","PrimaryAttribute":"QID23","SecondaryAttribute":"How unethical or ethical are most climate scientists?","TertiaryAttribute":null,"Payload":{"QuestionText":"How unethical or ethical are most climate scientists?","DefaultChoices":false,"QuestionType":"Slider","Selector":"HSLIDER","DataVisibility":{"Private":false,"Hidden":false},"Configuration":{"QuestionDescriptionOption":"UseText","CSSliderMin":0,"CSSliderMax":100,"GridLines":10,"SnapToGrid":false,"NumDecimals":"0","ShowValue":true,"CustomStart":true,"NotApplicable":false,"MobileFirst":true,"SliderStartPositions":{"1":0.501369863013698680020979736582376062870025634765625}},"QuestionDescription":"How unethical or ethical are most climate scientists?","Choices":{"1":{"Display":"&nbsp;"}},"ChoiceOrder":[1],"Validation":{"Settings":{"ForceResponse":"ON","ForceResponseType":"ON","Type":"None"}},"GradingData":[],"Language":[],"NextChoiceId":2,"NextAnswerId":3,"Labels":{"1":{"Display":"Very untethical"},"2":{"Display":"Very ethical"}},"QuestionText_Unsafe":"How unintelligent or intelligent are most climate scientists?","DataExportTag":"Ethic","QuestionID":"QID23"}},{"SurveyID":"SV_cI7zJxTcGUxyoIe","Element":"SQ","PrimaryAttribute":"QID24","SecondaryAttribute":"How insincere or sincere are most climate scientists?","TertiaryAttribute":null,"Payload":{"QuestionText":"How insincere or sincere are most climate scientists?","DefaultChoices":false,"QuestionType":"Slider","Selector":"HSLIDER","DataVisibility":{"Private":false,"Hidden":false},"Configuration":{"QuestionDescriptionOption":"UseText","CSSliderMin":0,"CSSliderMax":100,"GridLines":10,"SnapToGrid":false,"NumDecimals":"0","ShowValue":true,"CustomStart":true,"NotApplicable":false,"MobileFirst":true,"SliderStartPositions":{"1":0.501369863013698680020979736582376062870025634765625}},"QuestionDescription":"How insincere or sincere are most climate scientists?","Choices":{"1":{"Display":"&nbsp;"}},"ChoiceOrder":[1],"Validation":{"Settings":{"ForceResponse":"ON","ForceResponseType":"ON","Type":"None"}},"GradingData":[],"Language":[],"NextChoiceId":2,"NextAnswerId":3,"Labels":{"1":{"Display":"Very insincere"},"2":{"Display":"Very sincere"}},"QuestionText_Unsafe":"How unqualified or qualified are most climate scientists?","DataExportTag":"Sincerity","QuestionID":"QID24"}},{"SurveyID":"SV_cI7zJxTcGUxyoIe","Element":"SQ","PrimaryAttribute":"QID28","SecondaryAttribute":"How incompetent or competent are most climate scientists?","TertiaryAttribute":null,"Payload":{"QuestionText":"How incompetent or competent are most climate scientists?","DefaultChoices":false,"DataExportTag":"Competence","QuestionType":"Slider","Selector":"HSLIDER","DataVisibility":{"Private":false,"Hidden":false},"Configuration":{"QuestionDescriptionOption":"UseText","CSSliderMin":0,"CSSliderMax":100,"GridLines":10,"SnapToGrid":false,"NumDecimals":"0","ShowValue":true,"CustomStart":true,"NotApplicable":false,"MobileFirst":true,"SliderStartPositions":{"1":0.498630136986301375490171494675450958311557769775390625}},"QuestionDescription":"How incompetent or competent are most climate scientists?","Choices":{"1":{"Display":"&nbsp;"}},"ChoiceOrder":[1],"Validation":{"Settings":{"ForceResponse":"ON","ForceResponseType":"ON","Type":"None"}},"GradingData":[],"Language":[],"NextChoiceId":2,"NextAnswerId":3,"Labels":{"1":{"Display":"Extremely incompetent"},"2":{"Display":"Very competent"}},"QuestionID":"QID28"}},{"SurveyID":"SV_cI7zJxTcGUxyoIe","Element":"SQ","PrimaryAttribute":"QID29","SecondaryAttribute":"How unintelligent or intelligent are most climate scientists?","TertiaryAttribute":null,"Payload":{"QuestionText":"How unintelligent or intelligent are most climate scientists?","DefaultChoices":false,"DataExportTag":"Intelligence","QuestionType":"Slider","Selector":"HSLIDER","DataVisibility":{"Private":false,"Hidden":false},"Configuration":{"QuestionDescriptionOption":"UseText","CSSliderMin":0,"CSSliderMax":100,"GridLines":10,"SnapToGrid":false,"NumDecimals":"0","ShowValue":true,"CustomStart":true,"NotApplicable":false,"MobileFirst":true,"SliderStartPositions":{"1":0.50410958904109592904063674723147414624691009521484375}},"QuestionDescription":"How unintelligent or intelligent are most climate scientists?","Choices":{"1":{"Display":"&nbsp;"}},"ChoiceOrder":[1],"Validation":{"Settings":{"ForceResponse":"ON","ForceResponseType":"ON","Type":"None"}},"GradingData":[],"Language":[],"NextChoiceId":2,"NextAnswerId":3,"Labels":{"1":{"Display":"Very unintelligent"},"2":{"Display":"Very intelligent"}},"QuestionID":"QID29"}},{"SurveyID":"SV_cI7zJxTcGUxyoIe","Element":"SQ","PrimaryAttribute":"QID3","SecondaryAttribute":"We invite you to participate in a scientific experiment. Participation requires that you give you...","TertiaryAttribute":null,"Payload":{"QuestionText":"We invite you to participate in a scientific experiment. Participation requires that you give your informed consent.<br><br>Before proceeding, please consider the following information:<br><br>The survey will take about 5 minutes to complete. There are no risks involved in this study.<br><br>You will be paid for your participation at the posted rate (provided that you complete the whole study). <br><br>Your individual privacy will be maintained in all published and written data resulting from the study.<br><br>Participation in this research study is voluntary. You may choose not to participate.<br><br>By ticking the box below, and proceeding to the study task you certify that you have read this form, and agreed to participate in accordance with the above conditions.","DefaultChoices":false,"DataExportTag":"Consent","QuestionType":"MC","Selector":"SAVR","SubSelector":"TX","DataVisibility":{"Private":false,"Hidden":false},"Configuration":{"QuestionDescriptionOption":"UseText"},"QuestionDescription":"We invite you to participate in a scientific experiment. Participation requires that you give you...","Choices":{"1":{"Display":"I give my informed consent to participate in this study."}},"ChoiceOrder":[1],"Validation":{"Settings":{"ForceResponse":"ON","ForceResponseType":"ON","Type":"None","CustomValidation":{"Logic":{"0":{"0":{"ChoiceLocator":"q:\/\/QID3\/SelectableChoice\/1","Description":"<span class=\"ConjDesc\">If<\/span> <span class=\"QuestionDesc\">We invite you to participate in a scientific experiment. Participation requires that you give your informed consent. Before proceeding, please consider the following information: You will be asked ...<\/span> <span class=\"LeftOpDesc\">I give my informed consent to participate in this study.<\/span> <span class=\"OpDesc\">Is Selected<\/span> ","LeftOperand":"q:\/\/QID3\/SelectableChoice\/1","LogicType":"Question","Operator":"Selected","QuestionID":"QID3","QuestionIDFromLocator":"QID3","QuestionIsInLoop":"no","Type":"Expression"},"Type":"If"},"Type":"BooleanExpression"},"Message":{"description":"Require response","libraryID":null,"messageID":null,"subMessageID":"VE_FORCE_RESPONSE"}}}},"GradingData":[],"Language":[],"NextChoiceId":2,"NextAnswerId":1,"QuestionID":"QID3"}},{"SurveyID":"SV_cI7zJxTcGUxyoIe","Element":"SQ","PrimaryAttribute":"QID30","SecondaryAttribute":"How unqualified or qualified are most climate scientists?","TertiaryAttribute":null,"Payload":{"QuestionText":"How unqualified or qualified are most climate scientists?","DefaultChoices":false,"DataExportTag":"Qualification","QuestionType":"Slider","Selector":"HSLIDER","DataVisibility":{"Private":false,"Hidden":false},"Configuration":{"QuestionDescriptionOption":"UseText","CSSliderMin":0,"CSSliderMax":100,"GridLines":10,"SnapToGrid":false,"NumDecimals":"0","ShowValue":true,"CustomStart":true,"NotApplicable":false,"MobileFirst":true,"SliderStartPositions":{"1":0.4931506849315068219397062421194277703762054443359375}},"QuestionDescription":"How unqualified or qualified are most climate scientists?","Choices":{"1":{"Display":"&nbsp;"}},"ChoiceOrder":[1],"Validation":{"Settings":{"ForceResponse":"ON","ForceResponseType":"ON","Type":"None"}},"GradingData":[],"Language":[],"NextChoiceId":2,"NextAnswerId":3,"Labels":{"1":{"Display":"Very unqualified"},"2":{"Display":"Very qualified"}},"QuestionID":"QID30"}},{"SurveyID":"SV_cI7zJxTcGUxyoIe","Element":"SQ","PrimaryAttribute":"QID4","SecondaryAttribute":"Imagine you are playing video games with a friend and at some point your friend says: \u201cI don\u2019t w","TertiaryAttribute":null,"Payload":{"QuestionText":"Imagine you are playing video games with a friend and at some point your friend says: \u201cI don\u2019t want to play this game anymore!To make sure that you read the instructions, please write the three following words \"I pay attention\" in the box below. I really dislike this game, it's the most overrated game ever.\u201d<br><br>Do you agree with your friend ?&nbsp;<br>","DefaultChoices":false,"DataExportTag":"Attention","QuestionType":"TE","Selector":"ML","DataVisibility":{"Private":false,"Hidden":false},"Configuration":{"QuestionDescriptionOption":"UseText"},"QuestionDescription":"Imagine you are playing video games with a friend and at some point your friend says: \u201cI don\u2019t wa...","Validation":{"Settings":{"ForceResponse":"ON","ForceResponseType":"ON","Type":"None","MinChars":"1"}},"GradingData":[],"Language":[],"NextChoiceId":4,"NextAnswerId":1,"SearchSource":{"AllowFreeResponse":"false"},"QuestionID":"QID4","QuestionJS":"Qualtrics.SurveyEngine.addOnload(function()\n{\n\t\/*Place your JavaScript here to run when the page loads*\/\n\n});\n\nQualtrics.SurveyEngine.addOnReady(function() {\n    \/\/ Select the question text using its parent element\n    var questionContainer = this.getQuestionContainer();\n\n    \/\/ Disable text selection\n    questionContainer.style.userSelect = \"none\";\n    questionContainer.style.webkitUserSelect = \"none\";\n    questionContainer.style.msUserSelect = \"none\";\n    questionContainer.style.mozUserSelect = \"none\";\n\n    \/\/ Disable copying\n    questionContainer.addEventListener(\"copy\", function(event) {\n        event.preventDefault();\n    });\n});\n\nQualtrics.SurveyEngine.addOnUnload(function()\n{\n\t\/*Place your JavaScript here to run when the page is unloaded*\/\n\n});"}},{"SurveyID":"SV_cI7zJxTcGUxyoIe","Element":"SQ","PrimaryAttribute":"QID40","SecondaryAttribute":"How inconsiderate or considerate are most climate scientists of others\u2019 interests?","TertiaryAttribute":null,"Payload":{"QuestionText":"How inconsiderate or considerate are most climate scientists of others\u2019 interests?","DefaultChoices":false,"DataExportTag":"Consideration","QuestionType":"Slider","Selector":"HSLIDER","DataVisibility":{"Private":false,"Hidden":false},"Configuration":{"QuestionDescriptionOption":"UseText","CSSliderMin":0,"CSSliderMax":100,"GridLines":10,"SnapToGrid":false,"NumDecimals":"0","ShowValue":true,"CustomStart":true,"NotApplicable":false,"MobileFirst":true,"SliderStartPositions":{"1":0.501369863013698680020979736582376062870025634765625}},"QuestionDescription":"How inconsiderate or considerate are most climate scientists of others\u2019 interests?","Choices":{"1":{"Display":"&nbsp;"}},"ChoiceOrder":[1],"Validation":{"Settings":{"ForceResponse":"ON","ForceResponseType":"ON","Type":"None"}},"GradingData":[],"Language":[],"NextChoiceId":2,"NextAnswerId":3,"Labels":{"1":{"Display":"Very inconsiderate"},"2":{"Display":"Very considerate"}},"QuestionID":"QID40"}},{"SurveyID":"SV_cI7zJxTcGUxyoIe","Element":"SQ","PrimaryAttribute":"QID59","SecondaryAttribute":"Thank you very much, you helped science today :) We are researchers interested in human psycholog...","TertiaryAttribute":null,"Payload":{"QuestionText":"Thank you very much, you helped science today :) We are researchers interested in human psychology. Don't forget to click on the arrow to get your completion code!","DefaultChoices":false,"DataExportTag":"End of survey","QuestionType":"DB","Selector":"TB","DataVisibility":{"Private":false,"Hidden":false},"Configuration":{"QuestionDescriptionOption":"UseText"},"QuestionDescription":"Thank you very much, you helped science today :) We are researchers interested in human psycholog...","ChoiceOrder":[],"Validation":{"Settings":{"Type":"None"}},"GradingData":[],"Language":[],"NextChoiceId":4,"NextAnswerId":1,"QuestionID":"QID59"}},{"SurveyID":"SV_cI7zJxTcGUxyoIe","Element":"SQ","PrimaryAttribute":"QID6","SecondaryAttribute":"We are interested in your general opinion about climate scientists. In answering the following qu...","TertiaryAttribute":null,"Payload":{"QuestionText":"We are interested in your general opinion about climate scientists. In answering the following questions, think about climate scientists specifically in the context of their work\/research. Before answering the questions please read a short text.<br>","DefaultChoices":false,"DataExportTag":"Intro","QuestionType":"DB","Selector":"TB","DataVisibility":{"Private":false,"Hidden":false},"Configuration":{"QuestionDescriptionOption":"UseText"},"QuestionDescription":"We are interested in your general opinion about climate scientists. In answering the following qu...","ChoiceOrder":[],"Validation":{"Settings":{"Type":"None"}},"GradingData":[],"Language":[],"NextChoiceId":9,"NextAnswerId":1,"QuestionID":"QID6"}},{"SurveyID":"SV_cI7zJxTcGUxyoIe","Element":"SQ","PrimaryAttribute":"QID66","SecondaryAttribute":"How dishonest or honest are most climate scientists ? ","TertiaryAttribute":null,"Payload":{"QuestionText":"How dishonest or honest are most climate scientists ?&nbsp;","DefaultChoices":false,"DataExportTag":"Honesty","QuestionType":"Slider","Selector":"HSLIDER","DataVisibility":{"Private":false,"Hidden":false},"Configuration":{"QuestionDescriptionOption":"UseText","CSSliderMin":0,"CSSliderMax":100,"GridLines":10,"SnapToGrid":false,"NumDecimals":"0","ShowValue":true,"CustomStart":true,"NotApplicable":false,"MobileFirst":true,"SliderStartPositions":{"1":0.495890410958904126470514484026352874934673309326171875}},"QuestionDescription":"How dishonest or honest are most climate scientists ? ","Choices":{"1":{"Display":"&nbsp;"}},"ChoiceOrder":[1],"Validation":{"Settings":{"ForceResponse":"ON","ForceResponseType":"ON","Type":"None"}},"GradingData":[],"Language":[],"NextChoiceId":2,"NextAnswerId":3,"Labels":{"1":{"Display":"Very dishonest"},"2":{"Display":"Very honest"}},"QuestionID":"QID66"}},{"SurveyID":"SV_cI7zJxTcGUxyoIe","Element":"SQ","PrimaryAttribute":"QID67","SecondaryAttribute":"How incompetent or competent are most climate scientists ?","TertiaryAttribute":null,"Payload":{"QuestionText":"How incompetent or competent are most climate scientists ?&nbsp;","DefaultChoices":false,"DataExportTag":"Competence","QuestionType":"Slider","Selector":"HSLIDER","DataVisibility":{"Private":false,"Hidden":false},"Configuration":{"QuestionDescriptionOption":"SpecifyLabel","CSSliderMin":0,"CSSliderMax":100,"GridLines":10,"SnapToGrid":true,"NumDecimals":0,"ShowValue":true,"CustomStart":true,"NotApplicable":false,"MobileFirst":true,"SliderStartPositions":{"1":0.5}},"QuestionDescription":"How incompetent or competent are most climate scientists ?","Choices":{"1":{"Display":"&nbsp;"}},"ChoiceOrder":[1],"Validation":{"Settings":{"ForceResponse":"ON","ForceResponseType":"ON","Type":"None"}},"GradingData":[],"Language":[],"NextChoiceId":2,"NextAnswerId":3,"Labels":{"1":{"Display":"Extremely incompetent"},"2":{"Display":"Very competent"}},"QuestionID":"QID67","Answers":{"1":{"Display":0},"2":{"Display":10},"3":{"Display":20},"4":{"Display":30},"5":{"Display":40},"6":{"Display":50},"7":{"Display":60},"8":{"Display":70},"9":{"Display":80},"10":{"Display":90},"11":{"Display":100}}}},{"SurveyID":"SV_cI7zJxTcGUxyoIe","Element":"SQ","PrimaryAttribute":"QID7","SecondaryAttribute":"Dating ice cores to reconstruct climate history To understand the climate of the past, climate sc...","TertiaryAttribute":null,"Payload":{"QuestionText":"<em>Dating ice cores to reconstruct climate history<\/em><br>\n<br>\nTo understand the climate of the past, climate scientists drill deep into the Antarctic ice sheets and extract ice cores that preserve a continuous record of past snowfall. The layers of ice are dated using multiple techniques, such as identifying ash from volcanic events \u2014 each with a unique chemical fingerprint that can be used to date the layer. Once the layers are dated, climate scientists analyze the tiny air bubbles sealed within the ice. These bubbles hold ancient greenhouse gases such as CO\u2082 and CH\u2084, which scientists analyze to measure past atmospheric concentrations. The composition of the surrounding ice provides insights into past temperatures, allowing to study the relationship between greenhouse gases and temperatures in the long run. For example, climate scientists have been able to estimate that during the Younger Dryas \u2014 a cold period ranging from 12,800 to 11,650 years ago \u2014 temperatures in Greenland dropped by up to 10 \u00b0C compared to today, as shown by ice core data.<br>\n<br>\n<em>Using satellites to precisely measure the atmosphere<\/em><br>\n<br>\nIn parallel with these detailed reconstructions of past climates, climate scientists also continuously monitor the composition of the present atmosphere. Through a global network of more than 150 CO\u2082 observatories and advanced satellites such as NASA\u2019s OCO-2, climate scientists keep track of the composition of the atmosphere, such as the carbon dioxide concentration in the air. Using these satellites, climate scientists observe sunlight after it has been reflected by the Earth\u2019s surface. A fraction of that light is absorbed by carbon dioxide at very specific wavelengths \u2014 between 1.6 and 2.06 micrometers. Climate scientists are able to analyze this spectral fingerprint with extreme precision, and thereby determine atmospheric carbon dioxide concentrations. Detecting such small variations of CO2 in light is like detecting a single drop of ink in an Olympic-size swimming pool.<br>\n<br>\n<em>Using photosynthesis to predict droughts<\/em><br>\n<br>\nBeyond measuring CO\u2082, climate scientists can also predict drought, crop loss, and wildfire risk by a detailed monitoring of photosynthesis on a global scale. They detect fluctuations of less than one percent in the sunlight reflected from Earth, which allows them to measure solar-induced fluorescence \u2014 the faint light emitted by plants during photosynthesis. A decline in solar-induced fluorescence reveals physiological stress, often caused by limited water availability, appearing weeks before any visible signs such as leaf yellowing.<br>\n&nbsp;<br>\n<em>Developing advanced computer models of the climate.<\/em><br>\n<br>\nAll these observations \u2014 from ancient air trapped in ice to spectral light measurements and the dynamics of living ecosystems \u2014 are integrated by climate scientists into vast digital reconstructions of the Earth system. These climate models translate the physical laws governing all relevant phenomena, from glacier melt or leaf photosynthesis to atmospheric circulation into interconnected mathematical equations, allowing increasingly precise predictions about the evolution of the earth\u2019s climate. Between 1970 and 2007, projections from multiple research teams were compared with the data collected: the projections accurately predicted global warming within a few tenths of a degree, many years in advance. In spite of the complexity of the earth\u2019s climate, the models and measures of&nbsp;climate scientists have allowed them to understand it in depth.","DefaultChoices":false,"DataExportTag":"Text 1","QuestionType":"DB","Selector":"TB","DataVisibility":{"Private":false,"Hidden":false},"Configuration":{"QuestionDescriptionOption":"UseText"},"QuestionDescription":"Dating ice cores to reconstruct climate history To understand the climate of the past, climate sc...","ChoiceOrder":[],"Validation":{"Settings":{"Type":"None"}},"GradingData":[],"Language":[],"NextChoiceId":9,"NextAnswerId":1,"QuestionID":"QID7"}},{"SurveyID":"SV_cI7zJxTcGUxyoIe","Element":"SQ","PrimaryAttribute":"QID71","SecondaryAttribute":"How unconcerned or concerned are most climate scientists about people\u2019s wellbeing?","TertiaryAttribute":null,"Payload":{"QuestionText":"How unconcerned or concerned are most climate scientists about people\u2019s wellbeing?","DefaultChoices":false,"QuestionType":"Slider","Selector":"HSLIDER","DataVisibility":{"Private":false,"Hidden":false},"Configuration":{"QuestionDescriptionOption":"UseText","CSSliderMin":0,"CSSliderMax":100,"GridLines":10,"SnapToGrid":false,"NumDecimals":"0","ShowValue":true,"CustomStart":true,"NotApplicable":false,"MobileFirst":true,"SliderStartPositions":{"1":0.498630136986301375490171494675450958311557769775390625}},"QuestionDescription":"How unconcerned or concerned are most climate scientists about people\u2019s wellbeing?","Choices":{"1":{"Display":"&nbsp;"}},"ChoiceOrder":[1],"Validation":{"Settings":{"ForceResponse":"ON","ForceResponseType":"ON","Type":"None"}},"GradingData":[],"Language":[],"NextChoiceId":2,"NextAnswerId":3,"Labels":{"1":{"Display":"Very unconcerned"},"2":{"Display":"Very concerned"}},"QuestionText_Unsafe":"How unconcerned or concerned are most climate scientists about people\u2019s wellbeing?","DataExportTag":"Concern","QuestionID":"QID71"}},{"SurveyID":"SV_cI7zJxTcGUxyoIe","Element":"SQ","PrimaryAttribute":"QID72","SecondaryAttribute":"How uneager or eager are most climate scientists to improve others\u2019 lives?","TertiaryAttribute":null,"Payload":{"QuestionText":"How uneager or eager are most climate scientists to improve others\u2019 lives?","DefaultChoices":false,"QuestionType":"Slider","Selector":"HSLIDER","DataVisibility":{"Private":false,"Hidden":false},"Configuration":{"QuestionDescriptionOption":"UseText","CSSliderMin":0,"CSSliderMax":100,"GridLines":10,"SnapToGrid":false,"NumDecimals":"0","ShowValue":true,"CustomStart":true,"NotApplicable":false,"MobileFirst":true,"SliderStartPositions":{"1":0.501369863013698680020979736582376062870025634765625}},"QuestionDescription":"How uneager or eager are most climate scientists to improve others\u2019 lives?","Choices":{"1":{"Display":"&nbsp;"}},"ChoiceOrder":[1],"Validation":{"Settings":{"ForceResponse":"ON","ForceResponseType":"ON","Type":"None"}},"GradingData":[],"Language":[],"NextChoiceId":2,"NextAnswerId":3,"Labels":{"1":{"Display":"Very uneager"},"2":{"Display":"Very eager"}},"QuestionText_Unsafe":"How uneager or eager are most climate scientists to improve others\u2019 lives?","DataExportTag":"Eagerness","QuestionID":"QID72"}},{"SurveyID":"SV_cI7zJxTcGUxyoIe","Element":"SQ","PrimaryAttribute":"QID73","SecondaryAttribute":"How inconsiderate or considerate are most climate scientists of others\u2019 interests?","TertiaryAttribute":null,"Payload":{"QuestionText":"How inconsiderate or considerate are most climate scientists of others\u2019 interests?","DefaultChoices":false,"QuestionType":"Slider","Selector":"HSLIDER","DataVisibility":{"Private":false,"Hidden":false},"Configuration":{"QuestionDescriptionOption":"UseText","CSSliderMin":0,"CSSliderMax":100,"GridLines":10,"SnapToGrid":false,"NumDecimals":"0","ShowValue":true,"CustomStart":true,"NotApplicable":false,"MobileFirst":true,"SliderStartPositions":{"1":0.501369863013698680020979736582376062870025634765625}},"QuestionDescription":"How inconsiderate or considerate are most climate scientists of others\u2019 interests?","Choices":{"1":{"Display":"&nbsp;"}},"ChoiceOrder":[1],"Validation":{"Settings":{"ForceResponse":"ON","ForceResponseType":"ON","Type":"None"}},"GradingData":[],"Language":[],"NextChoiceId":2,"NextAnswerId":3,"Labels":{"1":{"Display":"Very inconsiderate"},"2":{"Display":"Very considerate"}},"QuestionText_Unsafe":"How inconsiderate or considerate are most climate scientists of others\u2019 interests?","DataExportTag":"Considerate","QuestionID":"QID73"}},{"SurveyID":"SV_cI7zJxTcGUxyoIe","Element":"SQ","PrimaryAttribute":"QID84","SecondaryAttribute":"Click to write the question text","TertiaryAttribute":null,"Payload":{"QuestionText":"Click to write the question text","DefaultChoices":false,"DataExportTag":"Text3","QuestionType":"TE","Selector":"ML","DataVisibility":{"Private":false,"Hidden":false},"Configuration":{"QuestionDescriptionOption":"UseText"},"QuestionDescription":"Click to write the question text","Validation":{"Settings":{"ForceResponse":"OFF","Type":"None"}},"GradingData":[],"Language":[],"NextChoiceId":4,"NextAnswerId":1,"SearchSource":{"AllowFreeResponse":"false"},"QuestionID":"QID84"}},{"SurveyID":"SV_cI7zJxTcGUxyoIe","Element":"SQ","PrimaryAttribute":"QID85","SecondaryAttribute":"Click to write the question text","TertiaryAttribute":null,"Payload":{"QuestionText":"Click to write the question text","DefaultChoices":false,"DataExportTag":"Q35","QuestionType":"TE","Selector":"ML","DataVisibility":{"Private":false,"Hidden":false},"Configuration":{"QuestionDescriptionOption":"UseText"},"QuestionDescription":"Click to write the question text","Validation":{"Settings":{"ForceResponse":"OFF","Type":"None"}},"GradingData":[],"Language":[],"NextChoiceId":4,"NextAnswerId":1,"SearchSource":{"AllowFreeResponse":"false"},"QuestionID":"QID85"}},{"SurveyID":"SV_cI7zJxTcGUxyoIe","Element":"SQ","PrimaryAttribute":"QID86","SecondaryAttribute":"As soon as the great black velvet pall outside my little window was shot with grey, I got up and...","TertiaryAttribute":null,"Payload":{"QuestionText":"As soon as the great black velvet pall outside my little window was shot with grey, I got up and went downstairs; every board upon the way, and every crack in every board calling after me, \"Stop thief!\" and \"Get up, Mrs. Joe!\".<br><br>In the pantry, which was far more abundantly supplied than usual, owing to the&nbsp;season, I was very much alarmed by a hare hanging up by the heels, whom I rather thought I caught, when my back was half turned, winking. <br><br>I had no time for verification, no time for selection, no time for anything, for I had no time to spare. I stole some bread, some rind of cheese, about half a jar of mincemeat (which I tied up in my pocket-handkerchief with my last night's slice), some brandy from a stone bottle (which I decanted into a glass bottle I had secretly used for making that intoxicating fluid, Spanish-liquorice-water, up in my room: diluting the stone bottle from a jug in the kitchen cupboard), a meat bone with very little on it, and a beautiful round compact pork pie. <br><br>I was nearly going away without the pie, but I was tempted to mount upon a shelf, to look what it was that was put away so carefully in a covered earthenware dish in a corner, and I found it was the pie, and I took it in the hope that it was not intended for early use, and would not be missed for some time.","DefaultChoices":false,"DataExportTag":"Text 3","QuestionType":"DB","Selector":"TB","DataVisibility":{"Private":false,"Hidden":false},"Configuration":{"QuestionDescriptionOption":"UseText"},"QuestionDescription":"As soon as the great black velvet pall outside my little window was shot with grey, I got up and...","ChoiceOrder":[],"Validation":{"Settings":{"Type":"None"}},"GradingData":[],"Language":[],"NextChoiceId":4,"NextAnswerId":1,"QuestionID":"QID86"}},{"SurveyID":"SV_cI7zJxTcGUxyoIe","Element":"SQ","PrimaryAttribute":"QID87","SecondaryAttribute":"As soon as the great black velvet pall outside my little window was shot with grey, I got up and...","TertiaryAttribute":null,"Payload":{"QuestionText":"As soon as the great black velvet pall outside my little window was shot with grey, I got up and went downstairs; every board upon the way, and every crack in every board calling after me, \"Stop thief!\" and \"Get up, Mrs. Joe!\".<br><br>In the pantry, which was far more abundantly supplied than usual, owing to the&nbsp;season, I was very much alarmed by a hare hanging up by the heels, whom I rather thought I caught, when my back was half turned, winking. <br><br>I had no time for verification, no time for selection, no time for anything, for I had no time to spare. I stole some bread, some rind of cheese, about half a jar of mincemeat (which I tied up in my pocket-handkerchief with my last night's slice), some brandy from a stone bottle (which I decanted into a glass bottle I had secretly used for making that intoxicating fluid, Spanish-liquorice-water, up in my room: diluting the stone bottle from a jug in the kitchen cupboard), a meat bone with very little on it, and a beautiful round compact pork pie.<br><br>I was nearly going away without the pie, but I was tempted to mount upon a shelf, to look what it was that was put away so carefully in a covered earthenware dish in a corner, and I found it was the pie, and I took it in the hope that it was not intended for early use, and would not be missed for some time.","DefaultChoices":false,"DataExportTag":"Text 3","QuestionType":"DB","Selector":"TB","DataVisibility":{"Private":false,"Hidden":false},"Configuration":{"QuestionDescriptionOption":"UseText"},"QuestionDescription":"As soon as the great black velvet pall outside my little window was shot with grey, I got up and...","ChoiceOrder":[],"Validation":{"Settings":{"Type":"None"}},"GradingData":[],"Language":[],"NextChoiceId":4,"NextAnswerId":1,"QuestionID":"QID87"}},{"SurveyID":"SV_cI7zJxTcGUxyoIe","Element":"SQ","PrimaryAttribute":"QID88","SecondaryAttribute":"Throughout history, few fields have demanded as much intellectual rigor and moral commitment as t...","TertiaryAttribute":null,"Payload":{"QuestionText":"Throughout history, few fields have demanded as much intellectual rigor and moral commitment as the study of Earth\u2019s climate. <br><br>The insights gleaned from this discipline have shaped how societies manage resources, anticipate natural disasters, and safeguard future generations. When coastal cities reinforce infrastructure against rising seas, or farmers adjust planting cycles in response to shifting weather patterns, these actions rest on the foundation of data painstakingly gathered, verified, and interpreted by climate researchers. <br><br>The ability to predict droughts, floods, and heatwaves\u2014not decades in advance, but often just in time to save lives\u2014did not arise by accident. It is the cumulative result of work that is both technically complex and globally coordinated, stretching across decades of observation, satellite monitoring, and computer modeling.\n<br><br>&nbsp;The challenges inherent in this work are formidable. Climate systems are vast, intertwined networks governed by chaotic feedback loops, where a small error in one parameter can ripple into an entirely different forecast. Scientists must reconcile measurements from oceans, land, and atmosphere\u2014each with its own uncertainties\u2014and then translate that into models that policymakers can actually use. They face not only the intellectual burden of making sense of this complexity, but also the emotional weight of knowing what is at stake. <br><br>The consequences of their findings often provoke debate or resistance, yet they must persist, guided by evidence rather than popularity.\n\nDespite the political and personal pressures surrounding climate research, the motives that drive most in this field are not self-serving. The discipline offers little in the way of fame or fortune; its rewards are primarily intangible: the satisfaction of contributing to the collective well-being, the quiet conviction that one\u2019s work helps others prepare for an uncertain future. <br><br>Researchers frequently share data openly, collaborate across borders, and subject their results to rigorous public scrutiny\u2014all hallmarks of a community that values transparency over ego. <br><br>Their findings often lead to policies that benefit people they will never meet, in places they will never visit.\n\nThe cumulative effect of their labor is a more informed humanity\u2014one capable of understanding the fragility of its environment and the pathways to preserve it. It is difficult to think of another pursuit that so directly connects technical precision, ethical responsibility, and global compassion.","DefaultChoices":false,"DataExportTag":"Text 4","QuestionType":"DB","Selector":"TB","DataVisibility":{"Private":false,"Hidden":false},"Configuration":{"QuestionDescriptionOption":"UseText"},"QuestionDescription":"Throughout history, few fields have demanded as much intellectual rigor and moral commitment as t...","ChoiceOrder":[],"Validation":{"Settings":{"Type":"None"}},"GradingData":[],"Language":[],"NextChoiceId":4,"NextAnswerId":1,"QuestionID":"QID88"}},{"SurveyID":"SV_cI7zJxTcGUxyoIe","Element":"STAT","PrimaryAttribute":"Survey Statistics","SecondaryAttribute":null,"TertiaryAttribute":null,"Payload":{"MobileCompatible":false,"ID":"Survey Statistics"}}]}